
Microsoft Visual Studio Solution File, Format Version 12.00
# Visual Studio 15
VisualStudioVersion = 15.0.26906.1
MinimumVisualStudioVersion = 10.0.40219.1
Project("{9A19103F-16F7-4668-BE54-9A1E7A4F7556}") = "Meziantou.OpenExchangeRatesClient", "Meziantou.OpenExchangeRatesClient\Meziantou.OpenExchangeRatesClient.csproj", "{7ECC176F-0D46-4B13-9E4F-6BF337D0F7D9}"
EndProject
Project("{FAE04EC0-301F-11D3-BF4B-00C04F79EFBC}") = "Meziantou.OpenExchangeRatesClient.Tests", "Meziantou.OpenExchangeRatesClient.Tests\Meziantou.OpenExchangeRatesClient.Tests.csproj", "{A7EAB171-E399-4AEE-B50A-4FC1CF667C0A}"
EndProject
Global
	GlobalSection(SolutionConfigurationPlatforms) = preSolution
		Debug|Any CPU = Debug|Any CPU
		Release|Any CPU = Release|Any CPU
	EndGlobalSection
	GlobalSection(ProjectConfigurationPlatforms) = postSolution
		{7ECC176F-0D46-4B13-9E4F-6BF337D0F7D9}.Debug|Any CPU.ActiveCfg = Debug|Any CPU
		{7ECC176F-0D46-4B13-9E4F-6BF337D0F7D9}.Debug|Any CPU.Build.0 = Debug|Any CPU
		{7ECC176F-0D46-4B13-9E4F-6BF337D0F7D9}.Release|Any CPU.ActiveCfg = Release|Any CPU
		{7ECC176F-0D46-4B13-9E4F-6BF337D0F7D9}.Release|Any CPU.Build.0 = Release|Any CPU
		{A7EAB171-E399-4AEE-B50A-4FC1CF667C0A}.Debug|Any CPU.ActiveCfg = Debug|Any CPU
		{A7EAB171-E399-4AEE-B50A-4FC1CF667C0A}.Debug|Any CPU.Build.0 = Debug|Any CPU
		{A7EAB171-E399-4AEE-B50A-4FC1CF667C0A}.Release|Any CPU.ActiveCfg = Release|Any CPU
		{A7EAB171-E399-4AEE-B50A-4FC1CF667C0A}.Release|Any CPU.Build.0 = Release|Any CPU
	EndGlobalSection
	GlobalSection(SolutionProperties) = preSolution
		HideSolutionNode = FALSE
	EndGlobalSection
	GlobalSection(ExtensibilityGlobals) = postSolution
		SolutionGuid = {83E5141B-5252-45F1-A5DE-1E6A2C5BC1AA}
	EndGlobalSection
EndGlobal
